
Microsoft Visual Studio Solution File, Format Version 12.00
# Visual Studio Version 16
VisualStudioVersion = 16.0.810.16
MinimumVisualStudioVersion = 10.0.40219.1
Project("{FAE04EC0-301F-11D3-BF4B-00C04F79EFBC}") = "cross-zero", "cross-zero.csproj", "{EB3E2119-4ECE-4F32-A010-96E0EF9045BE}"
EndProject
Global
	GlobalSection(SolutionConfigurationPlatforms) = preSolution
		Debug|Any CPU = Debug|Any CPU
		Release|Any CPU = Release|Any CPU
	EndGlobalSection
	GlobalSection(ProjectConfigurationPlatforms) = postSolution
		{EB3E2119-4ECE-4F32-A010-96E0EF9045BE}.Debug|Any CPU.ActiveCfg = Debug|Any CPU
		{EB3E2119-4ECE-4F32-A010-96E0EF9045BE}.Debug|Any CPU.Build.0 = Debug|Any CPU
		{EB3E2119-4ECE-4F32-A010-96E0EF9045BE}.Release|Any CPU.ActiveCfg = Release|Any CPU
		{EB3E2119-4ECE-4F32-A010-96E0EF9045BE}.Release|Any CPU.Build.0 = Release|Any CPU
	EndGlobalSection
	GlobalSection(SolutionProperties) = preSolution
		HideSolutionNode = FALSE
	EndGlobalSection
	GlobalSection(ExtensibilityGlobals) = postSolution
		SolutionGuid = {DE8479B8-1F80-4D72-95C7-052895695281}
	EndGlobalSection
EndGlobal
